// !$*UTF8*$!
{
	archiveVersion = 1;
	classes = {
	};
	objectVersion = 46;
	objects = {

/* Begin PBXBuildFile section */
		44284265764CBF5D129572DC /* Pods.framework in Frameworks */ = {isa = PBXBuildFile; fileRef = 617FCB8548EC5ACFA41CB85B /* Pods.framework */; settings = {ATTRIBUTES = (Weak, ); }; };
		B86D4E381AD6664D006EB242 /* AppDelegate.swift in Sources */ = {isa = PBXBuildFile; fileRef = B86D4E371AD6664D006EB242 /* AppDelegate.swift */; };
		B86D4E3D1AD6664D006EB242 /* Main.storyboard in Resources */ = {isa = PBXBuildFile; fileRef = B86D4E3B1AD6664D006EB242 /* Main.storyboard */; };
		B86D4E3F1AD6664D006EB242 /* Images.xcassets in Resources */ = {isa = PBXBuildFile; fileRef = B86D4E3E1AD6664D006EB242 /* Images.xcassets */; };
		B86D4E421AD6664D006EB242 /* LaunchScreen.xib in Resources */ = {isa = PBXBuildFile; fileRef = B86D4E401AD6664D006EB242 /* LaunchScreen.xib */; };
		B86D4E4E1AD6664D006EB242 /* GeoLocationTests.swift in Sources */ = {isa = PBXBuildFile; fileRef = B86D4E4D1AD6664D006EB242 /* GeoLocationTests.swift */; };
		B86D4E591AD666A1006EB242 /* GeoLocation.xcdatamodeld in Sources */ = {isa = PBXBuildFile; fileRef = B86D4E571AD666A1006EB242 /* GeoLocation.xcdatamodeld */; };
		B86D4E5B1AD66767006EB242 /* Place.swift in Sources */ = {isa = PBXBuildFile; fileRef = B86D4E5A1AD66767006EB242 /* Place.swift */; };
		B86D4E5F1AD6686A006EB242 /* LocationTableViewController.swift in Sources */ = {isa = PBXBuildFile; fileRef = B86D4E5E1AD6686A006EB242 /* LocationTableViewController.swift */; };
		B86D4E611AD66A03006EB242 /* AddLocationViewController.swift in Sources */ = {isa = PBXBuildFile; fileRef = B86D4E601AD66A03006EB242 /* AddLocationViewController.swift */; };
		B86D4E631AD66C8C006EB242 /* CoreDataManager.swift in Sources */ = {isa = PBXBuildFile; fileRef = B86D4E621AD66C8C006EB242 /* CoreDataManager.swift */; };
		B86D4E651AD66CEC006EB242 /* LocationManager.swift in Sources */ = {isa = PBXBuildFile; fileRef = B86D4E641AD66CEC006EB242 /* LocationManager.swift */; };
		B86D4E671AD66DDB006EB242 /* Location.swift in Sources */ = {isa = PBXBuildFile; fileRef = B86D4E661AD66DDB006EB242 /* Location.swift */; };
		B895D34A1AD6972500CD09F9 /* GooglePlaceService.swift in Sources */ = {isa = PBXBuildFile; fileRef = B895D3491AD6972500CD09F9 /* GooglePlaceService.swift */; };
		B895D34C1AD69D4100CD09F9 /* PlaceTableViewController.swift in Sources */ = {isa = PBXBuildFile; fileRef = B895D34B1AD69D4100CD09F9 /* PlaceTableViewController.swift */; };
		B895D34E1AD6AB3600CD09F9 /* PlaceManager.swift in Sources */ = {isa = PBXBuildFile; fileRef = B895D34D1AD6AB3600CD09F9 /* PlaceManager.swift */; };
/* End PBXBuildFile section */

/* Begin PBXContainerItemProxy section */
		B86D4E481AD6664D006EB242 /* PBXContainerItemProxy */ = {
			isa = PBXContainerItemProxy;
			containerPortal = B86D4E2A1AD6664D006EB242 /* Project object */;
			proxyType = 1;
			remoteGlobalIDString = B86D4E311AD6664D006EB242;
			remoteInfo = GeoLocation;
		};
/* End PBXContainerItemProxy section */

/* Begin PBXFileReference section */
		30F3A7E3663EAE3FD494B80B /* Pods.release.xcconfig */ = {isa = PBXFileReference; includeInIndex = 1; lastKnownFileType = text.xcconfig; name = Pods.release.xcconfig; path = "Pods/Target Support Files/Pods/Pods.release.xcconfig"; sourceTree = "<group>"; };
		617FCB8548EC5ACFA41CB85B /* Pods.framework */ = {isa = PBXFileReference; explicitFileType = wrapper.framework; includeInIndex = 0; path = Pods.framework; sourceTree = BUILT_PRODUCTS_DIR; };
		A47804A40CB3C2EAAC06D04B /* Pods.debug.xcconfig */ = {isa = PBXFileReference; includeInIndex = 1; lastKnownFileType = text.xcconfig; name = Pods.debug.xcconfig; path = "Pods/Target Support Files/Pods/Pods.debug.xcconfig"; sourceTree = "<group>"; };
		B86D4E321AD6664D006EB242 /* GeoLocation.app */ = {isa = PBXFileReference; explicitFileType = wrapper.application; includeInIndex = 0; path = GeoLocation.app; sourceTree = BUILT_PRODUCTS_DIR; };
		B86D4E361AD6664D006EB242 /* Info.plist */ = {isa = PBXFileReference; lastKnownFileType = text.plist.xml; path = Info.plist; sourceTree = "<group>"; };
		B86D4E371AD6664D006EB242 /* AppDelegate.swift */ = {isa = PBXFileReference; lastKnownFileType = sourcecode.swift; path = AppDelegate.swift; sourceTree = "<group>"; };
		B86D4E3C1AD6664D006EB242 /* Base */ = {isa = PBXFileReference; lastKnownFileType = file.storyboard; name = Base; path = Base.lproj/Main.storyboard; sourceTree = "<group>"; };
		B86D4E3E1AD6664D006EB242 /* Images.xcassets */ = {isa = PBXFileReference; lastKnownFileType = folder.assetcatalog; path = Images.xcassets; sourceTree = "<group>"; };
		B86D4E411AD6664D006EB242 /* Base */ = {isa = PBXFileReference; lastKnownFileType = file.xib; name = Base; path = Base.lproj/LaunchScreen.xib; sourceTree = "<group>"; };
		B86D4E471AD6664D006EB242 /* GeoLocationTests.xctest */ = {isa = PBXFileReference; explicitFileType = wrapper.cfbundle; includeInIndex = 0; path = GeoLocationTests.xctest; sourceTree = BUILT_PRODUCTS_DIR; };
		B86D4E4C1AD6664D006EB242 /* Info.plist */ = {isa = PBXFileReference; lastKnownFileType = text.plist.xml; path = Info.plist; sourceTree = "<group>"; };
		B86D4E4D1AD6664D006EB242 /* GeoLocationTests.swift */ = {isa = PBXFileReference; lastKnownFileType = sourcecode.swift; path = GeoLocationTests.swift; sourceTree = "<group>"; };
		B86D4E581AD666A1006EB242 /* GeoLocation.xcdatamodel */ = {isa = PBXFileReference; lastKnownFileType = wrapper.xcdatamodel; path = GeoLocation.xcdatamodel; sourceTree = "<group>"; };
		B86D4E5A1AD66767006EB242 /* Place.swift */ = {isa = PBXFileReference; fileEncoding = 4; lastKnownFileType = sourcecode.swift; path = Place.swift; sourceTree = "<group>"; };
		B86D4E5E1AD6686A006EB242 /* LocationTableViewController.swift */ = {isa = PBXFileReference; fileEncoding = 4; lastKnownFileType = sourcecode.swift; path = LocationTableViewController.swift; sourceTree = "<group>"; };
		B86D4E601AD66A03006EB242 /* AddLocationViewController.swift */ = {isa = PBXFileReference; fileEncoding = 4; lastKnownFileType = sourcecode.swift; path = AddLocationViewController.swift; sourceTree = "<group>"; };
		B86D4E621AD66C8C006EB242 /* CoreDataManager.swift */ = {isa = PBXFileReference; fileEncoding = 4; lastKnownFileType = sourcecode.swift; path = CoreDataManager.swift; sourceTree = "<group>"; };
		B86D4E641AD66CEC006EB242 /* LocationManager.swift */ = {isa = PBXFileReference; fileEncoding = 4; lastKnownFileType = sourcecode.swift; path = LocationManager.swift; sourceTree = "<group>"; };
		B86D4E661AD66DDB006EB242 /* Location.swift */ = {isa = PBXFileReference; fileEncoding = 4; lastKnownFileType = sourcecode.swift; path = Location.swift; sourceTree = "<group>"; };
		B895D3491AD6972500CD09F9 /* GooglePlaceService.swift */ = {isa = PBXFileReference; fileEncoding = 4; lastKnownFileType = sourcecode.swift; path = GooglePlaceService.swift; sourceTree = "<group>"; };
		B895D34B1AD69D4100CD09F9 /* PlaceTableViewController.swift */ = {isa = PBXFileReference; fileEncoding = 4; lastKnownFileType = sourcecode.swift; path = PlaceTableViewController.swift; sourceTree = "<group>"; };
		B895D34D1AD6AB3600CD09F9 /* PlaceManager.swift */ = {isa = PBXFileReference; fileEncoding = 4; lastKnownFileType = sourcecode.swift; path = PlaceManager.swift; sourceTree = "<group>"; };
/* End PBXFileReference section */

/* Begin PBXFrameworksBuildPhase section */
		B86D4E2F1AD6664D006EB242 /* Frameworks */ = {
			isa = PBXFrameworksBuildPhase;
			buildActionMask = 2147483647;
			files = (
				44284265764CBF5D129572DC /* Pods.framework in Frameworks */,
			);
			runOnlyForDeploymentPostprocessing = 0;
		};
		B86D4E441AD6664D006EB242 /* Frameworks */ = {
			isa = PBXFrameworksBuildPhase;
			buildActionMask = 2147483647;
			files = (
			);
			runOnlyForDeploymentPostprocessing = 0;
		};
/* End PBXFrameworksBuildPhase section */

/* Begin PBXGroup section */
		46CE5758850E7AA2E10CAF37 /* Pods */ = {
			isa = PBXGroup;
			children = (
				A47804A40CB3C2EAAC06D04B /* Pods.debug.xcconfig */,
				30F3A7E3663EAE3FD494B80B /* Pods.release.xcconfig */,
			);
			name = Pods;
			sourceTree = "<group>";
		};
		4E8C92D76FA9940337757AEE /* Frameworks */ = {
			isa = PBXGroup;
			children = (
				617FCB8548EC5ACFA41CB85B /* Pods.framework */,
			);
			name = Frameworks;
			sourceTree = "<group>";
		};
		B841C2031AFB86F400F9F9E0 /* Model */ = {
			isa = PBXGroup;
			children = (
				B86D4E5A1AD66767006EB242 /* Place.swift */,
				B86D4E661AD66DDB006EB242 /* Location.swift */,
			);
			name = Model;
			sourceTree = "<group>";
		};
		B841C2041AFB871A00F9F9E0 /* View */ = {
			isa = PBXGroup;
			children = (
				B86D4E5E1AD6686A006EB242 /* LocationTableViewController.swift */,
				B86D4E601AD66A03006EB242 /* AddLocationViewController.swift */,
				B895D34B1AD69D4100CD09F9 /* PlaceTableViewController.swift */,
			);
			name = View;
			sourceTree = "<group>";
		};
		B841C2051AFB872E00F9F9E0 /* Manager */ = {
			isa = PBXGroup;
			children = (
				B895D3491AD6972500CD09F9 /* GooglePlaceService.swift */,
				B86D4E621AD66C8C006EB242 /* CoreDataManager.swift */,
				B86D4E641AD66CEC006EB242 /* LocationManager.swift */,
				B895D34D1AD6AB3600CD09F9 /* PlaceManager.swift */,
			);
			name = Manager;
			sourceTree = "<group>";
		};
		B86D4E291AD6664D006EB242 = {
			isa = PBXGroup;
			children = (
				B86D4E341AD6664D006EB242 /* GeoLocation */,
				B86D4E4A1AD6664D006EB242 /* GeoLocationTests */,
				B86D4E331AD6664D006EB242 /* Products */,
				46CE5758850E7AA2E10CAF37 /* Pods */,
				4E8C92D76FA9940337757AEE /* Frameworks */,
			);
			sourceTree = "<group>";
		};
		B86D4E331AD6664D006EB242 /* Products */ = {
			isa = PBXGroup;
			children = (
				B86D4E321AD6664D006EB242 /* GeoLocation.app */,
				B86D4E471AD6664D006EB242 /* GeoLocationTests.xctest */,
			);
			name = Products;
			sourceTree = "<group>";
		};
		B86D4E341AD6664D006EB242 /* GeoLocation */ = {
			isa = PBXGroup;
			children = (
				B841C2051AFB872E00F9F9E0 /* Manager */,
				B841C2041AFB871A00F9F9E0 /* View */,
				B841C2031AFB86F400F9F9E0 /* Model */,
				B86D4E371AD6664D006EB242 /* AppDelegate.swift */,
				B86D4E3B1AD6664D006EB242 /* Main.storyboard */,
				B86D4E3E1AD6664D006EB242 /* Images.xcassets */,
				B86D4E401AD6664D006EB242 /* LaunchScreen.xib */,
				B86D4E571AD666A1006EB242 /* GeoLocation.xcdatamodeld */,
				B86D4E351AD6664D006EB242 /* Supporting Files */,
			);
			path = GeoLocation;
			sourceTree = "<group>";
		};
		B86D4E351AD6664D006EB242 /* Supporting Files */ = {
			isa = PBXGroup;
			children = (
				B86D4E361AD6664D006EB242 /* Info.plist */,
			);
			name = "Supporting Files";
			sourceTree = "<group>";
		};
		B86D4E4A1AD6664D006EB242 /* GeoLocationTests */ = {
			isa = PBXGroup;
			children = (
				B86D4E4D1AD6664D006EB242 /* GeoLocationTests.swift */,
				B86D4E4B1AD6664D006EB242 /* Supporting Files */,
			);
			path = GeoLocationTests;
			sourceTree = "<group>";
		};
		B86D4E4B1AD6664D006EB242 /* Supporting Files */ = {
			isa = PBXGroup;
			children = (
				B86D4E4C1AD6664D006EB242 /* Info.plist */,
			);
			name = "Supporting Files";
			sourceTree = "<group>";
		};
/* End PBXGroup section */

/* Begin PBXNativeTarget section */
		B86D4E311AD6664D006EB242 /* GeoLocation */ = {
			isa = PBXNativeTarget;
			buildConfigurationList = B86D4E511AD6664D006EB242 /* Build configuration list for PBXNativeTarget "GeoLocation" */;
			buildPhases = (
				7C7B99CFF58225997E6EFCED /* Check Pods Manifest.lock */,
				B86D4E2E1AD6664D006EB242 /* Sources */,
				B86D4E2F1AD6664D006EB242 /* Frameworks */,
				B86D4E301AD6664D006EB242 /* Resources */,
				09219A81C5CBC1AB23733D97 /* Embed Pods Frameworks */,
				7EE3C396DB183F69EFEBAEBC /* Copy Pods Resources */,
			);
			buildRules = (
			);
			dependencies = (
			);
			name = GeoLocation;
			productName = GeoLocation;
			productReference = B86D4E321AD6664D006EB242 /* GeoLocation.app */;
			productType = "com.apple.product-type.application";
		};
		B86D4E461AD6664D006EB242 /* GeoLocationTests */ = {
			isa = PBXNativeTarget;
			buildConfigurationList = B86D4E541AD6664D006EB242 /* Build configuration list for PBXNativeTarget "GeoLocationTests" */;
			buildPhases = (
				B86D4E431AD6664D006EB242 /* Sources */,
				B86D4E441AD6664D006EB242 /* Frameworks */,
				B86D4E451AD6664D006EB242 /* Resources */,
			);
			buildRules = (
			);
			dependencies = (
				B86D4E491AD6664D006EB242 /* PBXTargetDependency */,
			);
			name = GeoLocationTests;
			productName = GeoLocationTests;
			productReference = B86D4E471AD6664D006EB242 /* GeoLocationTests.xctest */;
			productType = "com.apple.product-type.bundle.unit-test";
		};
/* End PBXNativeTarget section */

/* Begin PBXProject section */
		B86D4E2A1AD6664D006EB242 /* Project object */ = {
			isa = PBXProject;
			attributes = {
				LastUpgradeCheck = 0610;
				ORGANIZATIONNAME = iem;
				TargetAttributes = {
					B86D4E311AD6664D006EB242 = {
						CreatedOnToolsVersion = 6.1;
					};
					B86D4E461AD6664D006EB242 = {
						CreatedOnToolsVersion = 6.1;
						TestTargetID = B86D4E311AD6664D006EB242;
					};
				};
			};
			buildConfigurationList = B86D4E2D1AD6664D006EB242 /* Build configuration list for PBXProject "GeoLocation" */;
			compatibilityVersion = "Xcode 3.2";
			developmentRegion = English;
			hasScannedForEncodings = 0;
			knownRegions = (
				en,
				Base,
			);
			mainGroup = B86D4E291AD6664D006EB242;
			productRefGroup = B86D4E331AD6664D006EB242 /* Products */;
			projectDirPath = "";
			projectRoot = "";
			targets = (
				B86D4E311AD6664D006EB242 /* GeoLocation */,
				B86D4E461AD6664D006EB242 /* GeoLocationTests */,
			);
		};
/* End PBXProject section */

/* Begin PBXResourcesBuildPhase section */
		B86D4E301AD6664D006EB242 /* Resources */ = {
			isa = PBXResourcesBuildPhase;
			buildActionMask = 2147483647;
			files = (
				B86D4E3D1AD6664D006EB242 /* Main.storyboard in Resources */,
				B86D4E421AD6664D006EB242 /* LaunchScreen.xib in Resources */,
				B86D4E3F1AD6664D006EB242 /* Images.xcassets in Resources */,
			);
			runOnlyForDeploymentPostprocessing = 0;
		};
		B86D4E451AD6664D006EB242 /* Resources */ = {
			isa = PBXResourcesBuildPhase;
			buildActionMask = 2147483647;
			files = (
			);
			runOnlyForDeploymentPostprocessing = 0;
		};
/* End PBXResourcesBuildPhase section */

/* Begin PBXShellScriptBuildPhase section */
		09219A81C5CBC1AB23733D97 /* Embed Pods Frameworks */ = {
			isa = PBXShellScriptBuildPhase;
			buildActionMask = 2147483647;
			files = (
			);
			inputPaths = (
			);
			name = "Embed Pods Frameworks";
			outputPaths = (
			);
			runOnlyForDeploymentPostprocessing = 0;
			shellPath = /bin/sh;
			shellScript = "\"${SRCROOT}/Pods/Target Support Files/Pods/Pods-frameworks.sh\"\n";
			showEnvVarsInLog = 0;
		};
		7C7B99CFF58225997E6EFCED /* Check Pods Manifest.lock */ = {
			isa = PBXShellScriptBuildPhase;
			buildActionMask = 2147483647;
			files = (
			);
			inputPaths = (
			);
			name = "Check Pods Manifest.lock";
			outputPaths = (
			);
			runOnlyForDeploymentPostprocessing = 0;
			shellPath = /bin/sh;
			shellScript = "diff \"${PODS_ROOT}/../Podfile.lock\" \"${PODS_ROOT}/Manifest.lock\" > /dev/null\nif [[ $? != 0 ]] ; then\n    cat << EOM\nerror: The sandbox is not in sync with the Podfile.lock. Run 'pod install' or update your CocoaPods installation.\nEOM\n    exit 1\nfi\n";
			showEnvVarsInLog = 0;
		};
		7EE3C396DB183F69EFEBAEBC /* Copy Pods Resources */ = {
			isa = PBXShellScriptBuildPhase;
			buildActionMask = 2147483647;
			files = (
			);
			inputPaths = (
			);
			name = "Copy Pods Resources";
			outputPaths = (
			);
			runOnlyForDeploymentPostprocessing = 0;
			shellPath = /bin/sh;
			shellScript = "\"${SRCROOT}/Pods/Target Support Files/Pods/Pods-resources.sh\"\n";
			showEnvVarsInLog = 0;
		};
/* End PBXShellScriptBuildPhase section */

/* Begin PBXSourcesBuildPhase section */
		B86D4E2E1AD6664D006EB242 /* Sources */ = {
			isa = PBXSourcesBuildPhase;
			buildActionMask = 2147483647;
			files = (
				B86D4E591AD666A1006EB242 /* GeoLocation.xcdatamodeld in Sources */,
				B895D34A1AD6972500CD09F9 /* GooglePlaceService.swift in Sources */,
				B86D4E5F1AD6686A006EB242 /* LocationTableViewController.swift in Sources */,
				B86D4E671AD66DDB006EB242 /* Location.swift in Sources */,
				B86D4E611AD66A03006EB242 /* AddLocationViewController.swift in Sources */,
				B86D4E651AD66CEC006EB242 /* LocationManager.swift in Sources */,
				B86D4E381AD6664D006EB242 /* AppDelegate.swift in Sources */,
				B895D34C1AD69D4100CD09F9 /* PlaceTableViewController.swift in Sources */,
				B895D34E1AD6AB3600CD09F9 /* PlaceManager.swift in Sources */,
				B86D4E631AD66C8C006EB242 /* CoreDataManager.swift in Sources */,
				B86D4E5B1AD66767006EB242 /* Place.swift in Sources */,
			);
			runOnlyForDeploymentPostprocessing = 0;
		};
		B86D4E431AD6664D006EB242 /* Sources */ = {
			isa = PBXSourcesBuildPhase;
			buildActionMask = 2147483647;
			files = (
				B86D4E4E1AD6664D006EB242 /* GeoLocationTests.swift in Sources */,
			);
			runOnlyForDeploymentPostprocessing = 0;
		};
/* End PBXSourcesBuildPhase section */

/* Begin PBXTargetDependency section */
		B86D4E491AD6664D006EB242 /* PBXTargetDependency */ = {
			isa = PBXTargetDependency;
			target = B86D4E311AD6664D006EB242 /* GeoLocation */;
			targetProxy = B86D4E481AD6664D006EB242 /* PBXContainerItemProxy */;
		};
/* End PBXTargetDependency section */

/* Begin PBXVariantGroup section */
		B86D4E3B1AD6664D006EB242 /* Main.storyboard */ = {
			isa = PBXVariantGroup;
			children = (
				B86D4E3C1AD6664D006EB242 /* Base */,
			);
			name = Main.storyboard;
			sourceTree = "<group>";
		};
		B86D4E401AD6664D006EB242 /* LaunchScreen.xib */ = {
			isa = PBXVariantGroup;
			children = (
				B86D4E411AD6664D006EB242 /* Base */,
			);
			name = LaunchScreen.xib;
			sourceTree = "<group>";
		};
/* End PBXVariantGroup section */

/* Begin XCBuildConfiguration section */
		B86D4E4F1AD6664D006EB242 /* Debug */ = {
			isa = XCBuildConfiguration;
			buildSettings = {
				ALWAYS_SEARCH_USER_PATHS = NO;
				CLANG_CXX_LANGUAGE_STANDARD = "gnu++0x";
				CLANG_CXX_LIBRARY = "libc++";
				CLANG_ENABLE_MODULES = YES;
				CLANG_ENABLE_OBJC_ARC = YES;
				CLANG_WARN_BOOL_CONVERSION = YES;
				CLANG_WARN_CONSTANT_CONVERSION = YES;
				CLANG_WARN_DIRECT_OBJC_ISA_USAGE = YES_ERROR;
				CLANG_WARN_EMPTY_BODY = YES;
				CLANG_WARN_ENUM_CONVERSION = YES;
				CLANG_WARN_INT_CONVERSION = YES;
				CLANG_WARN_OBJC_ROOT_CLASS = YES_ERROR;
				CLANG_WARN_UNREACHABLE_CODE = YES;
				CLANG_WARN__DUPLICATE_METHOD_MATCH = YES;
				"CODE_SIGN_IDENTITY[sdk=iphoneos*]" = "iPhone Developer";
				COPY_PHASE_STRIP = NO;
				ENABLE_STRICT_OBJC_MSGSEND = YES;
				GCC_C_LANGUAGE_STANDARD = gnu99;
				GCC_DYNAMIC_NO_PIC = NO;
				GCC_OPTIMIZATION_LEVEL = 0;
				GCC_PREPROCESSOR_DEFINITIONS = (
					"DEBUG=1",
					"$(inherited)",
				);
				GCC_SYMBOLS_PRIVATE_EXTERN = NO;
				GCC_WARN_64_TO_32_BIT_CONVERSION = YES;
				GCC_WARN_ABOUT_RETURN_TYPE = YES_ERROR;
				GCC_WARN_UNDECLARED_SELECTOR = YES;
				GCC_WARN_UNINITIALIZED_AUTOS = YES_AGGRESSIVE;
				GCC_WARN_UNUSED_FUNCTION = YES;
				GCC_WARN_UNUSED_VARIABLE = YES;
				IPHONEOS_DEPLOYMENT_TARGET = 8.1;
				MTL_ENABLE_DEBUG_INFO = YES;
				ONLY_ACTIVE_ARCH = YES;
				SDKROOT = iphoneos;
				SWIFT_OPTIMIZATION_LEVEL = "-Onone";
			};
			name = Debug;
		};
		B86D4E501AD6664D006EB242 /* Release */ = {
			isa = XCBuildConfiguration;
			buildSettings = {
				ALWAYS_SEARCH_USER_PATHS = NO;
				CLANG_CXX_LANGUAGE_STANDARD = "gnu++0x";
				CLANG_CXX_LIBRARY = "libc++";
				CLANG_ENABLE_MODULES = YES;
				CLANG_ENABLE_OBJC_ARC = YES;
				CLANG_WARN_BOOL_CONVERSION = YES;
				CLANG_WARN_CONSTANT_CONVERSION = YES;
				CLANG_WARN_DIRECT_OBJC_ISA_USAGE = YES_ERROR;
				CLANG_WARN_EMPTY_BODY = YES;
				CLANG_WARN_ENUM_CONVERSION = YES;
				CLANG_WARN_INT_CONVERSION = YES;
				CLANG_WARN_OBJC_ROOT_CLASS = YES_ERROR;
				CLANG_WARN_UNREACHABLE_CODE = YES;
				CLANG_WARN__DUPLICATE_METHOD_MATCH = YES;
				"CODE_SIGN_IDENTITY[sdk=iphoneos*]" = "iPhone Developer";
				COPY_PHASE_STRIP = YES;
				ENABLE_NS_ASSERTIONS = NO;
				ENABLE_STRICT_OBJC_MSGSEND = YES;
				GCC_C_LANGUAGE_STANDARD = gnu99;
				GCC_WARN_64_TO_32_BIT_CONVERSION = YES;
				GCC_WARN_ABOUT_RETURN_TYPE = YES_ERROR;
				GCC_WARN_UNDECLARED_SELECTOR = YES;
				GCC_WARN_UNINITIALIZED_AUTOS = YES_AGGRESSIVE;
				GCC_WARN_UNUSED_FUNCTION = YES;
				GCC_WARN_UNUSED_VARIABLE = YES;
				IPHONEOS_DEPLOYMENT_TARGET = 8.1;
				MTL_ENABLE_DEBUG_INFO = NO;
				SDKROOT = iphoneos;
				VALIDATE_PRODUCT = YES;
			};
			name = Release;
		};
		B86D4E521AD6664D006EB242 /* Debug */ = {
			isa = XCBuildConfiguration;
			baseConfigurationReference = A47804A40CB3C2EAAC06D04B /* Pods.debug.xcconfig */;
			buildSettings = {
				ASSETCATALOG_COMPILER_APPICON_NAME = AppIcon;
				INFOPLIST_FILE = GeoLocation/Info.plist;
				LD_RUNPATH_SEARCH_PATHS = "$(inherited) @executable_path/Frameworks";
				PRODUCT_NAME = "$(TARGET_NAME)";
			};
			name = Debug;
		};
		B86D4E531AD6664D006EB242 /* Release */ = {
			isa = XCBuildConfiguration;
			baseConfigurationReference = 30F3A7E3663EAE3FD494B80B /* Pods.release.xcconfig */;
			buildSettings = {
				ASSETCATALOG_COMPILER_APPICON_NAME = AppIcon;
				INFOPLIST_FILE = GeoLocation/Info.plist;
				LD_RUNPATH_SEARCH_PATHS = "$(inherited) @executable_path/Frameworks";
				PRODUCT_NAME = "$(TARGET_NAME)";
			};
			name = Release;
		};
		B86D4E551AD6664D006EB242 /* Debug */ = {
			isa = XCBuildConfiguration;
			buildSettings = {
				BUNDLE_LOADER = "$(TEST_HOST)";
				FRAMEWORK_SEARCH_PATHS = (
					"$(SDKROOT)/Developer/Library/Frameworks",
					"$(inherited)",
				);
				GCC_PREPROCESSOR_DEFINITIONS = (
					"DEBUG=1",
					"$(inherited)",
				);
				INFOPLIST_FILE = GeoLocationTests/Info.plist;
				LD_RUNPATH_SEARCH_PATHS = "$(inherited) @executable_path/Frameworks @loader_path/Frameworks";
				PRODUCT_NAME = "$(TARGET_NAME)";
				TEST_HOST = "$(BUILT_PRODUCTS_DIR)/GeoLocation.app/GeoLocation";
			};
			name = Debug;
		};
		B86D4E561AD6664D006EB242 /* Release */ = {
			isa = XCBuildConfiguration;
			buildSettings = {
				BUNDLE_LOADER = "$(TEST_HOST)";
				FRAMEWORK_SEARCH_PATHS = (
					"$(SDKROOT)/Developer/Library/Frameworks",
					"$(inherited)",
				);
				INFOPLIST_FILE = GeoLocationTests/Info.plist;
				LD_RUNPATH_SEARCH_PATHS = "$(inherited) @executable_path/Frameworks @loader_path/Frameworks";
				PRODUCT_NAME = "$(TARGET_NAME)";
				TEST_HOST = "$(BUILT_PRODUCTS_DIR)/GeoLocation.app/GeoLocation";
			};
			name = Release;
		};
/* End XCBuildConfiguration section */

/* Begin XCConfigurationList section */
		B86D4E2D1AD6664D006EB242 /* Build configuration list for PBXProject "GeoLocation" */ = {
			isa = XCConfigurationList;
			buildConfigurations = (
				B86D4E4F1AD6664D006EB242 /* Debug */,
				B86D4E501AD6664D006EB242 /* Release */,
			);
			defaultConfigurationIsVisible = 0;
			defaultConfigurationName = Release;
		};
		B86D4E511AD6664D006EB242 /* Build configuration list for PBXNativeTarget "GeoLocation" */ = {
			isa = XCConfigurationList;
			buildConfigurations = (
				B86D4E521AD6664D006EB242 /* Debug */,
				B86D4E531AD6664D006EB242 /* Release */,
			);
			defaultConfigurationIsVisible = 0;
			defaultConfigurationName = Release;
		};
		B86D4E541AD6664D006EB242 /* Build configuration list for PBXNativeTarget "GeoLocationTests" */ = {
			isa = XCConfigurationList;
			buildConfigurations = (
				B86D4E551AD6664D006EB242 /* Debug */,
				B86D4E561AD6664D006EB242 /* Release */,
			);
			defaultConfigurationIsVisible = 0;
			defaultConfigurationName = Release;
		};
/* End XCConfigurationList section */

/* Begin XCVersionGroup section */
		B86D4E571AD666A1006EB242 /* GeoLocation.xcdatamodeld */ = {
			isa = XCVersionGroup;
			children = (
				B86D4E581AD666A1006EB242 /* GeoLocation.xcdatamodel */,
			);
			currentVersion = B86D4E581AD666A1006EB242 /* GeoLocation.xcdatamodel */;
			path = GeoLocation.xcdatamodeld;
			sourceTree = "<group>";
			versionGroupType = wrapper.xcdatamodel;
		};
/* End XCVersionGroup section */
	};
	rootObject = B86D4E2A1AD6664D006EB242 /* Project object */;
}
